
Microsoft Visual Studio Solution File, Format Version 12.00
# Visual Studio Version 17
VisualStudioVersion = 17.2.32602.215
MinimumVisualStudioVersion = 10.0.40219.1
Project("{FAE04EC0-301F-11D3-BF4B-00C04F79EFBC}") = "ProjetoTesteUC15", "ProjetoTesteUC15\ProjetoTesteUC15.csproj", "{11B5BD00-375C-45AF-80EF-D1FD64EC7D9D}"
EndProject
Project("{FAE04EC0-301F-11D3-BF4B-00C04F79EFBC}") = "TestMsteste", "TestMsteste\TestMsteste.csproj", "{764DA949-88F7-4BE3-AF74-45FAADBB8EE9}"
EndProject
Project("{FAE04EC0-301F-11D3-BF4B-00C04F79EFBC}") = "TestXUnit", "TestXUnit\TestXUnit.csproj", "{56E66DBA-FA3C-4E1B-9F19-584E2CF083C7}"
EndProject
Global
	GlobalSection(SolutionConfigurationPlatforms) = preSolution
		Debug|Any CPU = Debug|Any CPU
		Release|Any CPU = Release|Any CPU
	EndGlobalSection
	GlobalSection(ProjectConfigurationPlatforms) = postSolution
		{11B5BD00-375C-45AF-80EF-D1FD64EC7D9D}.Debug|Any CPU.ActiveCfg = Debug|Any CPU
		{11B5BD00-375C-45AF-80EF-D1FD64EC7D9D}.Debug|Any CPU.Build.0 = Debug|Any CPU
		{11B5BD00-375C-45AF-80EF-D1FD64EC7D9D}.Release|Any CPU.ActiveCfg = Release|Any CPU
		{11B5BD00-375C-45AF-80EF-D1FD64EC7D9D}.Release|Any CPU.Build.0 = Release|Any CPU
		{764DA949-88F7-4BE3-AF74-45FAADBB8EE9}.Debug|Any CPU.ActiveCfg = Debug|Any CPU
		{764DA949-88F7-4BE3-AF74-45FAADBB8EE9}.Debug|Any CPU.Build.0 = Debug|Any CPU
		{764DA949-88F7-4BE3-AF74-45FAADBB8EE9}.Release|Any CPU.ActiveCfg = Release|Any CPU
		{764DA949-88F7-4BE3-AF74-45FAADBB8EE9}.Release|Any CPU.Build.0 = Release|Any CPU
		{56E66DBA-FA3C-4E1B-9F19-584E2CF083C7}.Debug|Any CPU.ActiveCfg = Debug|Any CPU
		{56E66DBA-FA3C-4E1B-9F19-584E2CF083C7}.Debug|Any CPU.Build.0 = Debug|Any CPU
		{56E66DBA-FA3C-4E1B-9F19-584E2CF083C7}.Release|Any CPU.ActiveCfg = Release|Any CPU
		{56E66DBA-FA3C-4E1B-9F19-584E2CF083C7}.Release|Any CPU.Build.0 = Release|Any CPU
	EndGlobalSection
	GlobalSection(SolutionProperties) = preSolution
		HideSolutionNode = FALSE
	EndGlobalSection
	GlobalSection(ExtensibilityGlobals) = postSolution
		SolutionGuid = {90FB697E-88AE-4D83-8CFB-782D1195BE96}
	EndGlobalSection
EndGlobal
